// !$*UTF8*$!
{
	archiveVersion = 1;
	classes = {
	};
	objectVersion = 48;
	objects = {

/* Begin PBXBuildFile section */
		FA92213B1F510E9600DC7766 /* AppDelegate.swift in Sources */ = {isa = PBXBuildFile; fileRef = FA92213A1F510E9600DC7766 /* AppDelegate.swift */; };
		FA92213D1F510E9600DC7766 /* CategoriesVC.swift in Sources */ = {isa = PBXBuildFile; fileRef = FA92213C1F510E9600DC7766 /* CategoriesVC.swift */; };
		FA9221401F510E9600DC7766 /* Main.storyboard in Resources */ = {isa = PBXBuildFile; fileRef = FA92213E1F510E9600DC7766 /* Main.storyboard */; };
		FA9221421F510E9600DC7766 /* Assets.xcassets in Resources */ = {isa = PBXBuildFile; fileRef = FA9221411F510E9600DC7766 /* Assets.xcassets */; };
		FA9221451F510E9600DC7766 /* LaunchScreen.storyboard in Resources */ = {isa = PBXBuildFile; fileRef = FA9221431F510E9600DC7766 /* LaunchScreen.storyboard */; };
		FA9221511F5122DF00DC7766 /* CategoryCell.swift in Sources */ = {isa = PBXBuildFile; fileRef = FA9221501F5122DF00DC7766 /* CategoryCell.swift */; };
		FA9221531F5125D800DC7766 /* Category.swift in Sources */ = {isa = PBXBuildFile; fileRef = FA9221521F5125D800DC7766 /* Category.swift */; };
		FA9221551F51267B00DC7766 /* DataService.swift in Sources */ = {isa = PBXBuildFile; fileRef = FA9221541F51267B00DC7766 /* DataService.swift */; };
		FAE0D5731F54F0BF009896BF /* ProductCell.swift in Sources */ = {isa = PBXBuildFile; fileRef = FAE0D5721F54F0BF009896BF /* ProductCell.swift */; };
		FAE0D5751F54F172009896BF /* Product.swift in Sources */ = {isa = PBXBuildFile; fileRef = FAE0D5741F54F172009896BF /* Product.swift */; };
		FAE0D5771F54F599009896BF /* ProductsVC.swift in Sources */ = {isa = PBXBuildFile; fileRef = FAE0D5761F54F599009896BF /* ProductsVC.swift */; };
/* End PBXBuildFile section */

/* Begin PBXFileReference section */
		FA9221371F510E9600DC7766 /* coder-swag.app */ = {isa = PBXFileReference; explicitFileType = wrapper.application; includeInIndex = 0; path = "coder-swag.app"; sourceTree = BUILT_PRODUCTS_DIR; };
		FA92213A1F510E9600DC7766 /* AppDelegate.swift */ = {isa = PBXFileReference; lastKnownFileType = sourcecode.swift; path = AppDelegate.swift; sourceTree = "<group>"; };
		FA92213C1F510E9600DC7766 /* CategoriesVC.swift */ = {isa = PBXFileReference; lastKnownFileType = sourcecode.swift; path = CategoriesVC.swift; sourceTree = "<group>"; };
		FA92213F1F510E9600DC7766 /* Base */ = {isa = PBXFileReference; lastKnownFileType = file.storyboard; name = Base; path = Base.lproj/Main.storyboard; sourceTree = "<group>"; };
		FA9221411F510E9600DC7766 /* Assets.xcassets */ = {isa = PBXFileReference; lastKnownFileType = folder.assetcatalog; path = Assets.xcassets; sourceTree = "<group>"; };
		FA9221441F510E9600DC7766 /* Base */ = {isa = PBXFileReference; lastKnownFileType = file.storyboard; name = Base; path = Base.lproj/LaunchScreen.storyboard; sourceTree = "<group>"; };
		FA9221461F510E9600DC7766 /* Info.plist */ = {isa = PBXFileReference; lastKnownFileType = text.plist.xml; path = Info.plist; sourceTree = "<group>"; };
		FA9221501F5122DF00DC7766 /* CategoryCell.swift */ = {isa = PBXFileReference; lastKnownFileType = sourcecode.swift; path = CategoryCell.swift; sourceTree = "<group>"; };
		FA9221521F5125D800DC7766 /* Category.swift */ = {isa = PBXFileReference; lastKnownFileType = sourcecode.swift; path = Category.swift; sourceTree = "<group>"; };
		FA9221541F51267B00DC7766 /* DataService.swift */ = {isa = PBXFileReference; lastKnownFileType = sourcecode.swift; path = DataService.swift; sourceTree = "<group>"; };
		FAE0D5721F54F0BF009896BF /* ProductCell.swift */ = {isa = PBXFileReference; lastKnownFileType = sourcecode.swift; path = ProductCell.swift; sourceTree = "<group>"; };
		FAE0D5741F54F172009896BF /* Product.swift */ = {isa = PBXFileReference; lastKnownFileType = sourcecode.swift; path = Product.swift; sourceTree = "<group>"; };
		FAE0D5761F54F599009896BF /* ProductsVC.swift */ = {isa = PBXFileReference; lastKnownFileType = sourcecode.swift; path = ProductsVC.swift; sourceTree = "<group>"; };
/* End PBXFileReference section */

/* Begin PBXFrameworksBuildPhase section */
		FA9221341F510E9600DC7766 /* Frameworks */ = {
			isa = PBXFrameworksBuildPhase;
			buildActionMask = 2147483647;
			files = (
			);
			runOnlyForDeploymentPostprocessing = 0;
		};
/* End PBXFrameworksBuildPhase section */

/* Begin PBXGroup section */
		FA92212E1F510E9600DC7766 = {
			isa = PBXGroup;
			children = (
				FA9221391F510E9600DC7766 /* coder-swag */,
				FA9221381F510E9600DC7766 /* Products */,
			);
			sourceTree = "<group>";
		};
		FA9221381F510E9600DC7766 /* Products */ = {
			isa = PBXGroup;
			children = (
				FA9221371F510E9600DC7766 /* coder-swag.app */,
			);
			name = Products;
			sourceTree = "<group>";
		};
		FA9221391F510E9600DC7766 /* coder-swag */ = {
			isa = PBXGroup;
			children = (
				FA92214F1F510F7900DC7766 /* Services */,
				FA92214E1F510F7200DC7766 /* Views */,
				FA92214D1F510F6D00DC7766 /* Model */,
				FA92214C1F510F6700DC7766 /* Controllers */,
				FA92213A1F510E9600DC7766 /* AppDelegate.swift */,
				FA92213E1F510E9600DC7766 /* Main.storyboard */,
				FA9221411F510E9600DC7766 /* Assets.xcassets */,
				FA9221431F510E9600DC7766 /* LaunchScreen.storyboard */,
				FA9221461F510E9600DC7766 /* Info.plist */,
			);
			path = "coder-swag";
			sourceTree = "<group>";
		};
		FA92214C1F510F6700DC7766 /* Controllers */ = {
			isa = PBXGroup;
			children = (
				FA92213C1F510E9600DC7766 /* CategoriesVC.swift */,
				FAE0D5761F54F599009896BF /* ProductsVC.swift */,
			);
			path = Controllers;
			sourceTree = "<group>";
		};
		FA92214D1F510F6D00DC7766 /* Model */ = {
			isa = PBXGroup;
			children = (
				FA9221521F5125D800DC7766 /* Category.swift */,
				FAE0D5741F54F172009896BF /* Product.swift */,
			);
			path = Model;
			sourceTree = "<group>";
		};
		FA92214E1F510F7200DC7766 /* Views */ = {
			isa = PBXGroup;
			children = (
				FA9221501F5122DF00DC7766 /* CategoryCell.swift */,
				FAE0D5721F54F0BF009896BF /* ProductCell.swift */,
			);
			path = Views;
			sourceTree = "<group>";
		};
		FA92214F1F510F7900DC7766 /* Services */ = {
			isa = PBXGroup;
			children = (
				FA9221541F51267B00DC7766 /* DataService.swift */,
			);
			path = Services;
			sourceTree = "<group>";
		};
/* End PBXGroup section */

/* Begin PBXNativeTarget section */
		FA9221361F510E9600DC7766 /* coder-swag */ = {
			isa = PBXNativeTarget;
			buildConfigurationList = FA9221491F510E9600DC7766 /* Build configuration list for PBXNativeTarget "coder-swag" */;
			buildPhases = (
				FA9221331F510E9600DC7766 /* Sources */,
				FA9221341F510E9600DC7766 /* Frameworks */,
				FA9221351F510E9600DC7766 /* Resources */,
			);
			buildRules = (
			);
			dependencies = (
			);
			name = "coder-swag";
			productName = "coder-swag";
			productReference = FA9221371F510E9600DC7766 /* coder-swag.app */;
			productType = "com.apple.product-type.application";
		};
/* End PBXNativeTarget section */

/* Begin PBXProject section */
		FA92212F1F510E9600DC7766 /* Project object */ = {
			isa = PBXProject;
			attributes = {
				LastSwiftUpdateCheck = 0900;
				LastUpgradeCheck = 0900;
				ORGANIZATIONNAME = "Alex Villacres";
				TargetAttributes = {
					FA9221361F510E9600DC7766 = {
						CreatedOnToolsVersion = 9.0;
					};
				};
			};
			buildConfigurationList = FA9221321F510E9600DC7766 /* Build configuration list for PBXProject "coder-swag" */;
			compatibilityVersion = "Xcode 8.0";
			developmentRegion = en;
			hasScannedForEncodings = 0;
			knownRegions = (
				en,
				Base,
			);
			mainGroup = FA92212E1F510E9600DC7766;
			productRefGroup = FA9221381F510E9600DC7766 /* Products */;
			projectDirPath = "";
			projectRoot = "";
			targets = (
				FA9221361F510E9600DC7766 /* coder-swag */,
			);
		};
/* End PBXProject section */

/* Begin PBXResourcesBuildPhase section */
		FA9221351F510E9600DC7766 /* Resources */ = {
			isa = PBXResourcesBuildPhase;
			buildActionMask = 2147483647;
			files = (
				FA9221451F510E9600DC7766 /* LaunchScreen.storyboard in Resources */,
				FA9221421F510E9600DC7766 /* Assets.xcassets in Resources */,
				FA9221401F510E9600DC7766 /* Main.storyboard in Resources */,
			);
			runOnlyForDeploymentPostprocessing = 0;
		};
/* End PBXResourcesBuildPhase section */

/* Begin PBXSourcesBuildPhase section */
		FA9221331F510E9600DC7766 /* Sources */ = {
			isa = PBXSourcesBuildPhase;
			buildActionMask = 2147483647;
			files = (
				FAE0D5771F54F599009896BF /* ProductsVC.swift in Sources */,
				FA9221551F51267B00DC7766 /* DataService.swift in Sources */,
				FA92213D1F510E9600DC7766 /* CategoriesVC.swift in Sources */,
				FA92213B1F510E9600DC7766 /* AppDelegate.swift in Sources */,
				FAE0D5731F54F0BF009896BF /* ProductCell.swift in Sources */,
				FA9221511F5122DF00DC7766 /* CategoryCell.swift in Sources */,
				FA9221531F5125D800DC7766 /* Category.swift in Sources */,
				FAE0D5751F54F172009896BF /* Product.swift in Sources */,
			);
			runOnlyForDeploymentPostprocessing = 0;
		};
/* End PBXSourcesBuildPhase section */

/* Begin PBXVariantGroup section */
		FA92213E1F510E9600DC7766 /* Main.storyboard */ = {
			isa = PBXVariantGroup;
			children = (
				FA92213F1F510E9600DC7766 /* Base */,
			);
			name = Main.storyboard;
			sourceTree = "<group>";
		};
		FA9221431F510E9600DC7766 /* LaunchScreen.storyboard */ = {
			isa = PBXVariantGroup;
			children = (
				FA9221441F510E9600DC7766 /* Base */,
			);
			name = LaunchScreen.storyboard;
			sourceTree = "<group>";
		};
/* End PBXVariantGroup section */

/* Begin XCBuildConfiguration section */
		FA9221471F510E9600DC7766 /* Debug */ = {
			isa = XCBuildConfiguration;
			buildSettings = {
				ALWAYS_SEARCH_USER_PATHS = NO;
				CLANG_ANALYZER_NONNULL = YES;
				CLANG_ANALYZER_NUMBER_OBJECT_CONVERSION = YES_AGGRESSIVE;
				CLANG_CXX_LANGUAGE_STANDARD = "gnu++14";
				CLANG_CXX_LIBRARY = "libc++";
				CLANG_ENABLE_MODULES = YES;
				CLANG_ENABLE_OBJC_ARC = YES;
				CLANG_WARN_BLOCK_CAPTURE_AUTORELEASING = YES;
				CLANG_WARN_BOOL_CONVERSION = YES;
				CLANG_WARN_COMMA = YES;
				CLANG_WARN_CONSTANT_CONVERSION = YES;
				CLANG_WARN_DIRECT_OBJC_ISA_USAGE = YES_ERROR;
				CLANG_WARN_DOCUMENTATION_COMMENTS = YES;
				CLANG_WARN_EMPTY_BODY = YES;
				CLANG_WARN_ENUM_CONVERSION = YES;
				CLANG_WARN_INFINITE_RECURSION = YES;
				CLANG_WARN_INT_CONVERSION = YES;
				CLANG_WARN_NON_LITERAL_NULL_CONVERSION = YES;
				CLANG_WARN_OBJC_LITERAL_CONVERSION = YES;
				CLANG_WARN_OBJC_ROOT_CLASS = YES_ERROR;
				CLANG_WARN_RANGE_LOOP_ANALYSIS = YES;
				CLANG_WARN_STRICT_PROTOTYPES = YES;
				CLANG_WARN_SUSPICIOUS_MOVE = YES;
				CLANG_WARN_UNGUARDED_AVAILABILITY = YES_AGGRESSIVE;
				CLANG_WARN_UNREACHABLE_CODE = YES;
				CLANG_WARN__DUPLICATE_METHOD_MATCH = YES;
				CODE_SIGN_IDENTITY = "iPhone Developer";
				COPY_PHASE_STRIP = NO;
				DEBUG_INFORMATION_FORMAT = dwarf;
				ENABLE_STRICT_OBJC_MSGSEND = YES;
				ENABLE_TESTABILITY = YES;
				GCC_C_LANGUAGE_STANDARD = gnu11;
				GCC_DYNAMIC_NO_PIC = NO;
				GCC_NO_COMMON_BLOCKS = YES;
				GCC_OPTIMIZATION_LEVEL = 0;
				GCC_PREPROCESSOR_DEFINITIONS = (
					"DEBUG=1",
					"$(inherited)",
				);
				GCC_WARN_64_TO_32_BIT_CONVERSION = YES;
				GCC_WARN_ABOUT_RETURN_TYPE = YES_ERROR;
				GCC_WARN_UNDECLARED_SELECTOR = YES;
				GCC_WARN_UNINITIALIZED_AUTOS = YES_AGGRESSIVE;
				GCC_WARN_UNUSED_FUNCTION = YES;
				GCC_WARN_UNUSED_VARIABLE = YES;
				IPHONEOS_DEPLOYMENT_TARGET = 11.0;
				MTL_ENABLE_DEBUG_INFO = YES;
				ONLY_ACTIVE_ARCH = YES;
				SDKROOT = iphoneos;
				SWIFT_ACTIVE_COMPILATION_CONDITIONS = DEBUG;
				SWIFT_OPTIMIZATION_LEVEL = "-Onone";
			};
			name = Debug;
		};
		FA9221481F510E9600DC7766 /* Release */ = {
			isa = XCBuildConfiguration;
			buildSettings = {
				ALWAYS_SEARCH_USER_PATHS = NO;
				CLANG_ANALYZER_NONNULL = YES;
				CLANG_ANALYZER_NUMBER_OBJECT_CONVERSION = YES_AGGRESSIVE;
				CLANG_CXX_LANGUAGE_STANDARD = "gnu++14";
				CLANG_CXX_LIBRARY = "libc++";
				CLANG_ENABLE_MODULES = YES;
				CLANG_ENABLE_OBJC_ARC = YES;
				CLANG_WARN_BLOCK_CAPTURE_AUTORELEASING = YES;
				CLANG_WARN_BOOL_CONVERSION = YES;
				CLANG_WARN_COMMA = YES;
				CLANG_WARN_CONSTANT_CONVERSION = YES;
				CLANG_WARN_DIRECT_OBJC_ISA_USAGE = YES_ERROR;
				CLANG_WARN_DOCUMENTATION_COMMENTS = YES;
				CLANG_WARN_EMPTY_BODY = YES;
				CLANG_WARN_ENUM_CONVERSION = YES;
				CLANG_WARN_INFINITE_RECURSION = YES;
				CLANG_WARN_INT_CONVERSION = YES;
				CLANG_WARN_NON_LITERAL_NULL_CONVERSION = YES;
				CLANG_WARN_OBJC_LITERAL_CONVERSION = YES;
				CLANG_WARN_OBJC_ROOT_CLASS = YES_ERROR;
				CLANG_WARN_RANGE_LOOP_ANALYSIS = YES;
				CLANG_WARN_STRICT_PROTOTYPES = YES;
				CLANG_WARN_SUSPICIOUS_MOVE = YES;
				CLANG_WARN_UNGUARDED_AVAILABILITY = YES_AGGRESSIVE;
				CLANG_WARN_UNREACHABLE_CODE = YES;
				CLANG_WARN__DUPLICATE_METHOD_MATCH = YES;
				CODE_SIGN_IDENTITY = "iPhone Developer";
				COPY_PHASE_STRIP = NO;
				DEBUG_INFORMATION_FORMAT = "dwarf-with-dsym";
				ENABLE_NS_ASSERTIONS = NO;
				ENABLE_STRICT_OBJC_MSGSEND = YES;
				GCC_C_LANGUAGE_STANDARD = gnu11;
				GCC_NO_COMMON_BLOCKS = YES;
				GCC_WARN_64_TO_32_BIT_CONVERSION = YES;
				GCC_WARN_ABOUT_RETURN_TYPE = YES_ERROR;
				GCC_WARN_UNDECLARED_SELECTOR = YES;
				GCC_WARN_UNINITIALIZED_AUTOS = YES_AGGRESSIVE;
				GCC_WARN_UNUSED_FUNCTION = YES;
				GCC_WARN_UNUSED_VARIABLE = YES;
				IPHONEOS_DEPLOYMENT_TARGET = 11.0;
				MTL_ENABLE_DEBUG_INFO = NO;
				SDKROOT = iphoneos;
				SWIFT_OPTIMIZATION_LEVEL = "-Owholemodule";
				VALIDATE_PRODUCT = YES;
			};
			name = Release;
		};
		FA92214A1F510E9600DC7766 /* Debug */ = {
			isa = XCBuildConfiguration;
			buildSettings = {
				ASSETCATALOG_COMPILER_APPICON_NAME = AppIcon;
				INFOPLIST_FILE = "coder-swag/Info.plist";
				LD_RUNPATH_SEARCH_PATHS = "$(inherited) @executable_path/Frameworks";
				PRODUCT_BUNDLE_IDENTIFIER = "com.alex-villacres.coder-swag";
				PRODUCT_NAME = "$(TARGET_NAME)";
				SWIFT_VERSION = 4.0;
				TARGETED_DEVICE_FAMILY = "1,2";
			};
			name = Debug;
		};
		FA92214B1F510E9600DC7766 /* Release */ = {
			isa = XCBuildConfiguration;
			buildSettings = {
				ASSETCATALOG_COMPILER_APPICON_NAME = AppIcon;
				INFOPLIST_FILE = "coder-swag/Info.plist";
				LD_RUNPATH_SEARCH_PATHS = "$(inherited) @executable_path/Frameworks";
				PRODUCT_BUNDLE_IDENTIFIER = "com.alex-villacres.coder-swag";
				PRODUCT_NAME = "$(TARGET_NAME)";
				SWIFT_VERSION = 4.0;
				TARGETED_DEVICE_FAMILY = "1,2";
			};
			name = Release;
		};
/* End XCBuildConfiguration section */

/* Begin XCConfigurationList section */
		FA9221321F510E9600DC7766 /* Build configuration list for PBXProject "coder-swag" */ = {
			isa = XCConfigurationList;
			buildConfigurations = (
				FA9221471F510E9600DC7766 /* Debug */,
				FA9221481F510E9600DC7766 /* Release */,
			);
			defaultConfigurationIsVisible = 0;
			defaultConfigurationName = Release;
		};
		FA9221491F510E9600DC7766 /* Build configuration list for PBXNativeTarget "coder-swag" */ = {
			isa = XCConfigurationList;
			buildConfigurations = (
				FA92214A1F510E9600DC7766 /* Debug */,
				FA92214B1F510E9600DC7766 /* Release */,
			);
			defaultConfigurationIsVisible = 0;
			defaultConfigurationName = Release;
		};
/* End XCConfigurationList section */
	};
	rootObject = FA92212F1F510E9600DC7766 /* Project object */;
}
